<?xml version="1.0" encoding="utf-8"?>
<Project ToolsVersion="15.0" xmlns="http://schemas.microsoft.com/developer/msbuild/2003">
  <ItemGroup>
    <CustomBuild Include="C:\Users\Dmitry\source\repos\QuantLib\CMakeFiles\310360ca3645bb20928aefb193fee1df\INSTALL_force.rule">
      <Filter>CMake Rules</Filter>
    </CustomBuild>
  </ItemGroup>
  <ItemGroup>
    <Filter Include="CMake Rules">
      <UniqueIdentifier>{8CC8D75E-EE89-30B4-B664-843C0E1E0172}</UniqueIdentifier>
    </Filter>
  </ItemGroup>
</Project>
