<?xml version="1.0" encoding="utf-8"?>
<Project ToolsVersion="15.0" xmlns="http://schemas.microsoft.com/developer/msbuild/2003">
  <ItemGroup>
    <ClCompile Include="C:\Users\Dmitry\source\repos\QuantLib\Examples\BermudanSwaption\BermudanSwaption.cpp">
      <Filter>Source Files</Filter>
    </ClCompile>
  </ItemGroup>
  <ItemGroup>
    <CustomBuild Include="C:\Users\Dmitry\source\repos\QuantLib\Examples\BermudanSwaption\CMakeLists.txt" />
  </ItemGroup>
  <ItemGroup>
    <Filter Include="Source Files">
      <UniqueIdentifier>{27C268B1-FE33-334F-BB43-D22D1D83C00D}</UniqueIdentifier>
    </Filter>
  </ItemGroup>
</Project>
