<?xml version="1.0" encoding="utf-8"?>
<Project ToolsVersion="15.0" xmlns="http://schemas.microsoft.com/developer/msbuild/2003">
  <ItemGroup>
    <ClCompile Include="C:\Users\Dmitry\source\repos\QuantLib\test-suite\main.cpp">
      <Filter>Source Files</Filter>
    </ClCompile>
    <ClCompile Include="C:\Users\Dmitry\source\repos\QuantLib\test-suite\quantlibbenchmark.cpp">
      <Filter>Source Files</Filter>
    </ClCompile>
    <ClCompile Include="C:\Users\Dmitry\source\repos\QuantLib\test-suite\americanoption.cpp">
      <Filter>Source Files</Filter>
    </ClCompile>
    <ClCompile Include="C:\Users\Dmitry\source\repos\QuantLib\test-suite\asianoptions.cpp">
      <Filter>Source Files</Filter>
    </ClCompile>
    <ClCompile Include="C:\Users\Dmitry\source\repos\QuantLib\test-suite\barrieroption.cpp">
      <Filter>Source Files</Filter>
    </ClCompile>
    <ClCompile Include="C:\Users\Dmitry\source\repos\QuantLib\test-suite\basketoption.cpp">
      <Filter>Source Files</Filter>
    </ClCompile>
    <ClCompile Include="C:\Users\Dmitry\source\repos\QuantLib\test-suite\batesmodel.cpp">
      <Filter>Source Files</Filter>
    </ClCompile>
    <ClCompile Include="C:\Users\Dmitry\source\repos\QuantLib\test-suite\convertiblebonds.cpp">
      <Filter>Source Files</Filter>
    </ClCompile>
    <ClCompile Include="C:\Users\Dmitry\source\repos\QuantLib\test-suite\digitaloption.cpp">
      <Filter>Source Files</Filter>
    </ClCompile>
    <ClCompile Include="C:\Users\Dmitry\source\repos\QuantLib\test-suite\dividendoption.cpp">
      <Filter>Source Files</Filter>
    </ClCompile>
    <ClCompile Include="C:\Users\Dmitry\source\repos\QuantLib\test-suite\europeanoption.cpp">
      <Filter>Source Files</Filter>
    </ClCompile>
    <ClCompile Include="C:\Users\Dmitry\source\repos\QuantLib\test-suite\fdheston.cpp">
      <Filter>Source Files</Filter>
    </ClCompile>
    <ClCompile Include="C:\Users\Dmitry\source\repos\QuantLib\test-suite\hestonmodel.cpp">
      <Filter>Source Files</Filter>
    </ClCompile>
    <ClCompile Include="C:\Users\Dmitry\source\repos\QuantLib\test-suite\interpolations.cpp">
      <Filter>Source Files</Filter>
    </ClCompile>
    <ClCompile Include="C:\Users\Dmitry\source\repos\QuantLib\test-suite\jumpdiffusion.cpp">
      <Filter>Source Files</Filter>
    </ClCompile>
    <ClCompile Include="C:\Users\Dmitry\source\repos\QuantLib\test-suite\marketmodel_smm.cpp">
      <Filter>Source Files</Filter>
    </ClCompile>
    <ClCompile Include="C:\Users\Dmitry\source\repos\QuantLib\test-suite\marketmodel_cms.cpp">
      <Filter>Source Files</Filter>
    </ClCompile>
    <ClCompile Include="C:\Users\Dmitry\source\repos\QuantLib\test-suite\lowdiscrepancysequences.cpp">
      <Filter>Source Files</Filter>
    </ClCompile>
    <ClCompile Include="C:\Users\Dmitry\source\repos\QuantLib\test-suite\quantooption.cpp">
      <Filter>Source Files</Filter>
    </ClCompile>
    <ClCompile Include="C:\Users\Dmitry\source\repos\QuantLib\test-suite\riskstats.cpp">
      <Filter>Source Files</Filter>
    </ClCompile>
    <ClCompile Include="C:\Users\Dmitry\source\repos\QuantLib\test-suite\shortratemodels.cpp">
      <Filter>Source Files</Filter>
    </ClCompile>
    <ClCompile Include="C:\Users\Dmitry\source\repos\QuantLib\test-suite\utilities.cpp">
      <Filter>Source Files</Filter>
    </ClCompile>
  </ItemGroup>
  <ItemGroup>
    <ClInclude Include="C:\Users\Dmitry\source\repos\QuantLib\test-suite\utilities.hpp">
      <Filter>Header Files</Filter>
    </ClInclude>
    <ClInclude Include="C:\Users\Dmitry\source\repos\QuantLib\test-suite\swaptionvolstructuresutilities.hpp">
      <Filter>Header Files</Filter>
    </ClInclude>
  </ItemGroup>
  <ItemGroup>
    <CustomBuild Include="C:\Users\Dmitry\source\repos\QuantLib\test-suite\CMakeLists.txt" />
  </ItemGroup>
  <ItemGroup>
    <Filter Include="Header Files">
      <UniqueIdentifier>{28043CE4-A83C-3F72-98B4-57681D704379}</UniqueIdentifier>
    </Filter>
    <Filter Include="Source Files">
      <UniqueIdentifier>{27C268B1-FE33-334F-BB43-D22D1D83C00D}</UniqueIdentifier>
    </Filter>
  </ItemGroup>
</Project>
