<?xml version="1.0" encoding="utf-8"?>
<Project ToolsVersion="15.0" xmlns="http://schemas.microsoft.com/developer/msbuild/2003">
  <ItemGroup>
    <ClCompile Include="C:\Users\Dmitry\source\repos\QuantLib\test-suite\americanoption.cpp">
      <Filter>Source Files</Filter>
    </ClCompile>
    <ClCompile Include="C:\Users\Dmitry\source\repos\QuantLib\test-suite\amortizingbond.cpp">
      <Filter>Source Files</Filter>
    </ClCompile>
    <ClCompile Include="C:\Users\Dmitry\source\repos\QuantLib\test-suite\andreasenhugevolatilityinterpl.cpp">
      <Filter>Source Files</Filter>
    </ClCompile>
    <ClCompile Include="C:\Users\Dmitry\source\repos\QuantLib\test-suite\array.cpp">
      <Filter>Source Files</Filter>
    </ClCompile>
    <ClCompile Include="C:\Users\Dmitry\source\repos\QuantLib\test-suite\asianoptions.cpp">
      <Filter>Source Files</Filter>
    </ClCompile>
    <ClCompile Include="C:\Users\Dmitry\source\repos\QuantLib\test-suite\assetswap.cpp">
      <Filter>Source Files</Filter>
    </ClCompile>
    <ClCompile Include="C:\Users\Dmitry\source\repos\QuantLib\test-suite\autocovariances.cpp">
      <Filter>Source Files</Filter>
    </ClCompile>
    <ClCompile Include="C:\Users\Dmitry\source\repos\QuantLib\test-suite\barrieroption.cpp">
      <Filter>Source Files</Filter>
    </ClCompile>
    <ClCompile Include="C:\Users\Dmitry\source\repos\QuantLib\test-suite\basismodels.cpp">
      <Filter>Source Files</Filter>
    </ClCompile>
    <ClCompile Include="C:\Users\Dmitry\source\repos\QuantLib\test-suite\basketoption.cpp">
      <Filter>Source Files</Filter>
    </ClCompile>
    <ClCompile Include="C:\Users\Dmitry\source\repos\QuantLib\test-suite\batesmodel.cpp">
      <Filter>Source Files</Filter>
    </ClCompile>
    <ClCompile Include="C:\Users\Dmitry\source\repos\QuantLib\test-suite\bermudanswaption.cpp">
      <Filter>Source Files</Filter>
    </ClCompile>
    <ClCompile Include="C:\Users\Dmitry\source\repos\QuantLib\test-suite\binaryoption.cpp">
      <Filter>Source Files</Filter>
    </ClCompile>
    <ClCompile Include="C:\Users\Dmitry\source\repos\QuantLib\test-suite\blackdeltacalculator.cpp">
      <Filter>Source Files</Filter>
    </ClCompile>
    <ClCompile Include="C:\Users\Dmitry\source\repos\QuantLib\test-suite\blackformula.cpp">
      <Filter>Source Files</Filter>
    </ClCompile>
    <ClCompile Include="C:\Users\Dmitry\source\repos\QuantLib\test-suite\bonds.cpp">
      <Filter>Source Files</Filter>
    </ClCompile>
    <ClCompile Include="C:\Users\Dmitry\source\repos\QuantLib\test-suite\brownianbridge.cpp">
      <Filter>Source Files</Filter>
    </ClCompile>
    <ClCompile Include="C:\Users\Dmitry\source\repos\QuantLib\test-suite\businessdayconventions.cpp">
      <Filter>Source Files</Filter>
    </ClCompile>
    <ClCompile Include="C:\Users\Dmitry\source\repos\QuantLib\test-suite\calendars.cpp">
      <Filter>Source Files</Filter>
    </ClCompile>
    <ClCompile Include="C:\Users\Dmitry\source\repos\QuantLib\test-suite\capfloor.cpp">
      <Filter>Source Files</Filter>
    </ClCompile>
    <ClCompile Include="C:\Users\Dmitry\source\repos\QuantLib\test-suite\capflooredcoupon.cpp">
      <Filter>Source Files</Filter>
    </ClCompile>
    <ClCompile Include="C:\Users\Dmitry\source\repos\QuantLib\test-suite\cashflows.cpp">
      <Filter>Source Files</Filter>
    </ClCompile>
    <ClCompile Include="C:\Users\Dmitry\source\repos\QuantLib\test-suite\catbonds.cpp">
      <Filter>Source Files</Filter>
    </ClCompile>
    <ClCompile Include="C:\Users\Dmitry\source\repos\QuantLib\test-suite\cdo.cpp">
      <Filter>Source Files</Filter>
    </ClCompile>
    <ClCompile Include="C:\Users\Dmitry\source\repos\QuantLib\test-suite\cdsoption.cpp">
      <Filter>Source Files</Filter>
    </ClCompile>
    <ClCompile Include="C:\Users\Dmitry\source\repos\QuantLib\test-suite\chooseroption.cpp">
      <Filter>Source Files</Filter>
    </ClCompile>
    <ClCompile Include="C:\Users\Dmitry\source\repos\QuantLib\test-suite\cliquetoption.cpp">
      <Filter>Source Files</Filter>
    </ClCompile>
    <ClCompile Include="C:\Users\Dmitry\source\repos\QuantLib\test-suite\cms.cpp">
      <Filter>Source Files</Filter>
    </ClCompile>
    <ClCompile Include="C:\Users\Dmitry\source\repos\QuantLib\test-suite\cmsspread.cpp">
      <Filter>Source Files</Filter>
    </ClCompile>
    <ClCompile Include="C:\Users\Dmitry\source\repos\QuantLib\test-suite\commodityunitofmeasure.cpp">
      <Filter>Source Files</Filter>
    </ClCompile>
    <ClCompile Include="C:\Users\Dmitry\source\repos\QuantLib\test-suite\compiledboostversion.cpp">
      <Filter>Source Files</Filter>
    </ClCompile>
    <ClCompile Include="C:\Users\Dmitry\source\repos\QuantLib\test-suite\compoundoption.cpp">
      <Filter>Source Files</Filter>
    </ClCompile>
    <ClCompile Include="C:\Users\Dmitry\source\repos\QuantLib\test-suite\convertiblebonds.cpp">
      <Filter>Source Files</Filter>
    </ClCompile>
    <ClCompile Include="C:\Users\Dmitry\source\repos\QuantLib\test-suite\covariance.cpp">
      <Filter>Source Files</Filter>
    </ClCompile>
    <ClCompile Include="C:\Users\Dmitry\source\repos\QuantLib\test-suite\creditdefaultswap.cpp">
      <Filter>Source Files</Filter>
    </ClCompile>
    <ClCompile Include="C:\Users\Dmitry\source\repos\QuantLib\test-suite\creditriskplus.cpp">
      <Filter>Source Files</Filter>
    </ClCompile>
    <ClCompile Include="C:\Users\Dmitry\source\repos\QuantLib\test-suite\curvestates.cpp">
      <Filter>Source Files</Filter>
    </ClCompile>
    <ClCompile Include="C:\Users\Dmitry\source\repos\QuantLib\test-suite\dates.cpp">
      <Filter>Source Files</Filter>
    </ClCompile>
    <ClCompile Include="C:\Users\Dmitry\source\repos\QuantLib\test-suite\daycounters.cpp">
      <Filter>Source Files</Filter>
    </ClCompile>
    <ClCompile Include="C:\Users\Dmitry\source\repos\QuantLib\test-suite\defaultprobabilitycurves.cpp">
      <Filter>Source Files</Filter>
    </ClCompile>
    <ClCompile Include="C:\Users\Dmitry\source\repos\QuantLib\test-suite\digitalcoupon.cpp">
      <Filter>Source Files</Filter>
    </ClCompile>
    <ClCompile Include="C:\Users\Dmitry\source\repos\QuantLib\test-suite\digitaloption.cpp">
      <Filter>Source Files</Filter>
    </ClCompile>
    <ClCompile Include="C:\Users\Dmitry\source\repos\QuantLib\test-suite\distributions.cpp">
      <Filter>Source Files</Filter>
    </ClCompile>
    <ClCompile Include="C:\Users\Dmitry\source\repos\QuantLib\test-suite\dividendoption.cpp">
      <Filter>Source Files</Filter>
    </ClCompile>
    <ClCompile Include="C:\Users\Dmitry\source\repos\QuantLib\test-suite\doublebarrieroption.cpp">
      <Filter>Source Files</Filter>
    </ClCompile>
    <ClCompile Include="C:\Users\Dmitry\source\repos\QuantLib\test-suite\doublebinaryoption.cpp">
      <Filter>Source Files</Filter>
    </ClCompile>
    <ClCompile Include="C:\Users\Dmitry\source\repos\QuantLib\test-suite\europeanoption.cpp">
      <Filter>Source Files</Filter>
    </ClCompile>
    <ClCompile Include="C:\Users\Dmitry\source\repos\QuantLib\test-suite\everestoption.cpp">
      <Filter>Source Files</Filter>
    </ClCompile>
    <ClCompile Include="C:\Users\Dmitry\source\repos\QuantLib\test-suite\exchangerate.cpp">
      <Filter>Source Files</Filter>
    </ClCompile>
    <ClCompile Include="C:\Users\Dmitry\source\repos\QuantLib\test-suite\extendedtrees.cpp">
      <Filter>Source Files</Filter>
    </ClCompile>
    <ClCompile Include="C:\Users\Dmitry\source\repos\QuantLib\test-suite\extensibleoptions.cpp">
      <Filter>Source Files</Filter>
    </ClCompile>
    <ClCompile Include="C:\Users\Dmitry\source\repos\QuantLib\test-suite\fastfouriertransform.cpp">
      <Filter>Source Files</Filter>
    </ClCompile>
    <ClCompile Include="C:\Users\Dmitry\source\repos\QuantLib\test-suite\fdcev.cpp">
      <Filter>Source Files</Filter>
    </ClCompile>
    <ClCompile Include="C:\Users\Dmitry\source\repos\QuantLib\test-suite\fdheston.cpp">
      <Filter>Source Files</Filter>
    </ClCompile>
    <ClCompile Include="C:\Users\Dmitry\source\repos\QuantLib\test-suite\fdmlinearop.cpp">
      <Filter>Source Files</Filter>
    </ClCompile>
    <ClCompile Include="C:\Users\Dmitry\source\repos\QuantLib\test-suite\fdsabr.cpp">
      <Filter>Source Files</Filter>
    </ClCompile>
    <ClCompile Include="C:\Users\Dmitry\source\repos\QuantLib\test-suite\fittedbonddiscountcurve.cpp">
      <Filter>Source Files</Filter>
    </ClCompile>
    <ClCompile Include="C:\Users\Dmitry\source\repos\QuantLib\test-suite\forwardoption.cpp">
      <Filter>Source Files</Filter>
    </ClCompile>
    <ClCompile Include="C:\Users\Dmitry\source\repos\QuantLib\test-suite\forwardrateagreement.cpp">
      <Filter>Source Files</Filter>
    </ClCompile>
    <ClCompile Include="C:\Users\Dmitry\source\repos\QuantLib\test-suite\functions.cpp">
      <Filter>Source Files</Filter>
    </ClCompile>
    <ClCompile Include="C:\Users\Dmitry\source\repos\QuantLib\test-suite\garch.cpp">
      <Filter>Source Files</Filter>
    </ClCompile>
    <ClCompile Include="C:\Users\Dmitry\source\repos\QuantLib\test-suite\gaussianquadratures.cpp">
      <Filter>Source Files</Filter>
    </ClCompile>
    <ClCompile Include="C:\Users\Dmitry\source\repos\QuantLib\test-suite\gjrgarchmodel.cpp">
      <Filter>Source Files</Filter>
    </ClCompile>
    <ClCompile Include="C:\Users\Dmitry\source\repos\QuantLib\test-suite\gsr.cpp">
      <Filter>Source Files</Filter>
    </ClCompile>
    <ClCompile Include="C:\Users\Dmitry\source\repos\QuantLib\test-suite\hestonmodel.cpp">
      <Filter>Source Files</Filter>
    </ClCompile>
    <ClCompile Include="C:\Users\Dmitry\source\repos\QuantLib\test-suite\hestonslvmodel.cpp">
      <Filter>Source Files</Filter>
    </ClCompile>
    <ClCompile Include="C:\Users\Dmitry\source\repos\QuantLib\test-suite\himalayaoption.cpp">
      <Filter>Source Files</Filter>
    </ClCompile>
    <ClCompile Include="C:\Users\Dmitry\source\repos\QuantLib\test-suite\hybridhestonhullwhiteprocess.cpp">
      <Filter>Source Files</Filter>
    </ClCompile>
    <ClCompile Include="C:\Users\Dmitry\source\repos\QuantLib\test-suite\inflation.cpp">
      <Filter>Source Files</Filter>
    </ClCompile>
    <ClCompile Include="C:\Users\Dmitry\source\repos\QuantLib\test-suite\inflationcapfloor.cpp">
      <Filter>Source Files</Filter>
    </ClCompile>
    <ClCompile Include="C:\Users\Dmitry\source\repos\QuantLib\test-suite\inflationcapflooredcoupon.cpp">
      <Filter>Source Files</Filter>
    </ClCompile>
    <ClCompile Include="C:\Users\Dmitry\source\repos\QuantLib\test-suite\inflationcpibond.cpp">
      <Filter>Source Files</Filter>
    </ClCompile>
    <ClCompile Include="C:\Users\Dmitry\source\repos\QuantLib\test-suite\inflationcpicapfloor.cpp">
      <Filter>Source Files</Filter>
    </ClCompile>
    <ClCompile Include="C:\Users\Dmitry\source\repos\QuantLib\test-suite\inflationcpiswap.cpp">
      <Filter>Source Files</Filter>
    </ClCompile>
    <ClCompile Include="C:\Users\Dmitry\source\repos\QuantLib\test-suite\inflationvolatility.cpp">
      <Filter>Source Files</Filter>
    </ClCompile>
    <ClCompile Include="C:\Users\Dmitry\source\repos\QuantLib\test-suite\instruments.cpp">
      <Filter>Source Files</Filter>
    </ClCompile>
    <ClCompile Include="C:\Users\Dmitry\source\repos\QuantLib\test-suite\integrals.cpp">
      <Filter>Source Files</Filter>
    </ClCompile>
    <ClCompile Include="C:\Users\Dmitry\source\repos\QuantLib\test-suite\interestrates.cpp">
      <Filter>Source Files</Filter>
    </ClCompile>
    <ClCompile Include="C:\Users\Dmitry\source\repos\QuantLib\test-suite\interpolations.cpp">
      <Filter>Source Files</Filter>
    </ClCompile>
    <ClCompile Include="C:\Users\Dmitry\source\repos\QuantLib\test-suite\jumpdiffusion.cpp">
      <Filter>Source Files</Filter>
    </ClCompile>
    <ClCompile Include="C:\Users\Dmitry\source\repos\QuantLib\test-suite\lazyobject.cpp">
      <Filter>Source Files</Filter>
    </ClCompile>
    <ClCompile Include="C:\Users\Dmitry\source\repos\QuantLib\test-suite\libormarketmodel.cpp">
      <Filter>Source Files</Filter>
    </ClCompile>
    <ClCompile Include="C:\Users\Dmitry\source\repos\QuantLib\test-suite\libormarketmodelprocess.cpp">
      <Filter>Source Files</Filter>
    </ClCompile>
    <ClCompile Include="C:\Users\Dmitry\source\repos\QuantLib\test-suite\linearleastsquaresregression.cpp">
      <Filter>Source Files</Filter>
    </ClCompile>
    <ClCompile Include="C:\Users\Dmitry\source\repos\QuantLib\test-suite\lookbackoptions.cpp">
      <Filter>Source Files</Filter>
    </ClCompile>
    <ClCompile Include="C:\Users\Dmitry\source\repos\QuantLib\test-suite\lowdiscrepancysequences.cpp">
      <Filter>Source Files</Filter>
    </ClCompile>
    <ClCompile Include="C:\Users\Dmitry\source\repos\QuantLib\test-suite\main.cpp">
      <Filter>Source Files</Filter>
    </ClCompile>
    <ClCompile Include="C:\Users\Dmitry\source\repos\QuantLib\test-suite\margrabeoption.cpp">
      <Filter>Source Files</Filter>
    </ClCompile>
    <ClCompile Include="C:\Users\Dmitry\source\repos\QuantLib\test-suite\marketmodel.cpp">
      <Filter>Source Files</Filter>
    </ClCompile>
    <ClCompile Include="C:\Users\Dmitry\source\repos\QuantLib\test-suite\marketmodel_cms.cpp">
      <Filter>Source Files</Filter>
    </ClCompile>
    <ClCompile Include="C:\Users\Dmitry\source\repos\QuantLib\test-suite\marketmodel_smm.cpp">
      <Filter>Source Files</Filter>
    </ClCompile>
    <ClCompile Include="C:\Users\Dmitry\source\repos\QuantLib\test-suite\marketmodel_smmcapletalphacalibration.cpp">
      <Filter>Source Files</Filter>
    </ClCompile>
    <ClCompile Include="C:\Users\Dmitry\source\repos\QuantLib\test-suite\marketmodel_smmcapletcalibration.cpp">
      <Filter>Source Files</Filter>
    </ClCompile>
    <ClCompile Include="C:\Users\Dmitry\source\repos\QuantLib\test-suite\marketmodel_smmcaplethomocalibration.cpp">
      <Filter>Source Files</Filter>
    </ClCompile>
    <ClCompile Include="C:\Users\Dmitry\source\repos\QuantLib\test-suite\markovfunctional.cpp">
      <Filter>Source Files</Filter>
    </ClCompile>
    <ClCompile Include="C:\Users\Dmitry\source\repos\QuantLib\test-suite\matrices.cpp">
      <Filter>Source Files</Filter>
    </ClCompile>
    <ClCompile Include="C:\Users\Dmitry\source\repos\QuantLib\test-suite\mclongstaffschwartzengine.cpp">
      <Filter>Source Files</Filter>
    </ClCompile>
    <ClCompile Include="C:\Users\Dmitry\source\repos\QuantLib\test-suite\mersennetwister.cpp">
      <Filter>Source Files</Filter>
    </ClCompile>
    <ClCompile Include="C:\Users\Dmitry\source\repos\QuantLib\test-suite\money.cpp">
      <Filter>Source Files</Filter>
    </ClCompile>
    <ClCompile Include="C:\Users\Dmitry\source\repos\QuantLib\test-suite\noarbsabr.cpp">
      <Filter>Source Files</Filter>
    </ClCompile>
    <ClCompile Include="C:\Users\Dmitry\source\repos\QuantLib\test-suite\normalclvmodel.cpp">
      <Filter>Source Files</Filter>
    </ClCompile>
    <ClCompile Include="C:\Users\Dmitry\source\repos\QuantLib\test-suite\nthorderderivativeop.cpp">
      <Filter>Source Files</Filter>
    </ClCompile>
    <ClCompile Include="C:\Users\Dmitry\source\repos\QuantLib\test-suite\nthtodefault.cpp">
      <Filter>Source Files</Filter>
    </ClCompile>
    <ClCompile Include="C:\Users\Dmitry\source\repos\QuantLib\test-suite\numericaldifferentiation.cpp">
      <Filter>Source Files</Filter>
    </ClCompile>
    <ClCompile Include="C:\Users\Dmitry\source\repos\QuantLib\test-suite\observable.cpp">
      <Filter>Source Files</Filter>
    </ClCompile>
    <ClCompile Include="C:\Users\Dmitry\source\repos\QuantLib\test-suite\ode.cpp">
      <Filter>Source Files</Filter>
    </ClCompile>
    <ClCompile Include="C:\Users\Dmitry\source\repos\QuantLib\test-suite\operators.cpp">
      <Filter>Source Files</Filter>
    </ClCompile>
    <ClCompile Include="C:\Users\Dmitry\source\repos\QuantLib\test-suite\optimizers.cpp">
      <Filter>Source Files</Filter>
    </ClCompile>
    <ClCompile Include="C:\Users\Dmitry\source\repos\QuantLib\test-suite\optionletstripper.cpp">
      <Filter>Source Files</Filter>
    </ClCompile>
    <ClCompile Include="C:\Users\Dmitry\source\repos\QuantLib\test-suite\overnightindexedswap.cpp">
      <Filter>Source Files</Filter>
    </ClCompile>
    <ClCompile Include="C:\Users\Dmitry\source\repos\QuantLib\test-suite\pagodaoption.cpp">
      <Filter>Source Files</Filter>
    </ClCompile>
    <ClCompile Include="C:\Users\Dmitry\source\repos\QuantLib\test-suite\partialtimebarrieroption.cpp">
      <Filter>Source Files</Filter>
    </ClCompile>
    <ClCompile Include="C:\Users\Dmitry\source\repos\QuantLib\test-suite\pathgenerator.cpp">
      <Filter>Source Files</Filter>
    </ClCompile>
    <ClCompile Include="C:\Users\Dmitry\source\repos\QuantLib\test-suite\period.cpp">
      <Filter>Source Files</Filter>
    </ClCompile>
    <ClCompile Include="C:\Users\Dmitry\source\repos\QuantLib\test-suite\piecewiseyieldcurve.cpp">
      <Filter>Source Files</Filter>
    </ClCompile>
    <ClCompile Include="C:\Users\Dmitry\source\repos\QuantLib\test-suite\piecewisezerospreadedtermstructure.cpp">
      <Filter>Source Files</Filter>
    </ClCompile>
    <ClCompile Include="C:\Users\Dmitry\source\repos\QuantLib\test-suite\quantlibtestsuite.cpp">
      <Filter>Source Files</Filter>
    </ClCompile>
    <ClCompile Include="C:\Users\Dmitry\source\repos\QuantLib\test-suite\quantooption.cpp">
      <Filter>Source Files</Filter>
    </ClCompile>
    <ClCompile Include="C:\Users\Dmitry\source\repos\QuantLib\test-suite\quotes.cpp">
      <Filter>Source Files</Filter>
    </ClCompile>
    <ClCompile Include="C:\Users\Dmitry\source\repos\QuantLib\test-suite\rangeaccrual.cpp">
      <Filter>Source Files</Filter>
    </ClCompile>
    <ClCompile Include="C:\Users\Dmitry\source\repos\QuantLib\test-suite\riskneutraldensitycalculator.cpp">
      <Filter>Source Files</Filter>
    </ClCompile>
    <ClCompile Include="C:\Users\Dmitry\source\repos\QuantLib\test-suite\riskstats.cpp">
      <Filter>Source Files</Filter>
    </ClCompile>
    <ClCompile Include="C:\Users\Dmitry\source\repos\QuantLib\test-suite\rngtraits.cpp">
      <Filter>Source Files</Filter>
    </ClCompile>
    <ClCompile Include="C:\Users\Dmitry\source\repos\QuantLib\test-suite\rounding.cpp">
      <Filter>Source Files</Filter>
    </ClCompile>
    <ClCompile Include="C:\Users\Dmitry\source\repos\QuantLib\test-suite\sampledcurve.cpp">
      <Filter>Source Files</Filter>
    </ClCompile>
    <ClCompile Include="C:\Users\Dmitry\source\repos\QuantLib\test-suite\schedule.cpp">
      <Filter>Source Files</Filter>
    </ClCompile>
    <ClCompile Include="C:\Users\Dmitry\source\repos\QuantLib\test-suite\shortratemodels.cpp">
      <Filter>Source Files</Filter>
    </ClCompile>
    <ClCompile Include="C:\Users\Dmitry\source\repos\QuantLib\test-suite\sofrfutures.cpp">
      <Filter>Source Files</Filter>
    </ClCompile>
    <ClCompile Include="C:\Users\Dmitry\source\repos\QuantLib\test-suite\solvers.cpp">
      <Filter>Source Files</Filter>
    </ClCompile>
    <ClCompile Include="C:\Users\Dmitry\source\repos\QuantLib\test-suite\spreadoption.cpp">
      <Filter>Source Files</Filter>
    </ClCompile>
    <ClCompile Include="C:\Users\Dmitry\source\repos\QuantLib\test-suite\squarerootclvmodel.cpp">
      <Filter>Source Files</Filter>
    </ClCompile>
    <ClCompile Include="C:\Users\Dmitry\source\repos\QuantLib\test-suite\stats.cpp">
      <Filter>Source Files</Filter>
    </ClCompile>
    <ClCompile Include="C:\Users\Dmitry\source\repos\QuantLib\test-suite\swap.cpp">
      <Filter>Source Files</Filter>
    </ClCompile>
    <ClCompile Include="C:\Users\Dmitry\source\repos\QuantLib\test-suite\swapforwardmappings.cpp">
      <Filter>Source Files</Filter>
    </ClCompile>
    <ClCompile Include="C:\Users\Dmitry\source\repos\QuantLib\test-suite\swaption.cpp">
      <Filter>Source Files</Filter>
    </ClCompile>
    <ClCompile Include="C:\Users\Dmitry\source\repos\QuantLib\test-suite\swaptionvolatilitycube.cpp">
      <Filter>Source Files</Filter>
    </ClCompile>
    <ClCompile Include="C:\Users\Dmitry\source\repos\QuantLib\test-suite\swaptionvolatilitymatrix.cpp">
      <Filter>Source Files</Filter>
    </ClCompile>
    <ClCompile Include="C:\Users\Dmitry\source\repos\QuantLib\test-suite\swingoption.cpp">
      <Filter>Source Files</Filter>
    </ClCompile>
    <ClCompile Include="C:\Users\Dmitry\source\repos\QuantLib\test-suite\termstructures.cpp">
      <Filter>Source Files</Filter>
    </ClCompile>
    <ClCompile Include="C:\Users\Dmitry\source\repos\QuantLib\test-suite\timegrid.cpp">
      <Filter>Source Files</Filter>
    </ClCompile>
    <ClCompile Include="C:\Users\Dmitry\source\repos\QuantLib\test-suite\timeseries.cpp">
      <Filter>Source Files</Filter>
    </ClCompile>
    <ClCompile Include="C:\Users\Dmitry\source\repos\QuantLib\test-suite\tqreigendecomposition.cpp">
      <Filter>Source Files</Filter>
    </ClCompile>
    <ClCompile Include="C:\Users\Dmitry\source\repos\QuantLib\test-suite\tracing.cpp">
      <Filter>Source Files</Filter>
    </ClCompile>
    <ClCompile Include="C:\Users\Dmitry\source\repos\QuantLib\test-suite\transformedgrid.cpp">
      <Filter>Source Files</Filter>
    </ClCompile>
    <ClCompile Include="C:\Users\Dmitry\source\repos\QuantLib\test-suite\twoassetbarrieroption.cpp">
      <Filter>Source Files</Filter>
    </ClCompile>
    <ClCompile Include="C:\Users\Dmitry\source\repos\QuantLib\test-suite\twoassetcorrelationoption.cpp">
      <Filter>Source Files</Filter>
    </ClCompile>
    <ClCompile Include="C:\Users\Dmitry\source\repos\QuantLib\test-suite\utilities.cpp">
      <Filter>Source Files</Filter>
    </ClCompile>
    <ClCompile Include="C:\Users\Dmitry\source\repos\QuantLib\test-suite\variancegamma.cpp">
      <Filter>Source Files</Filter>
    </ClCompile>
    <ClCompile Include="C:\Users\Dmitry\source\repos\QuantLib\test-suite\varianceoption.cpp">
      <Filter>Source Files</Filter>
    </ClCompile>
    <ClCompile Include="C:\Users\Dmitry\source\repos\QuantLib\test-suite\varianceswaps.cpp">
      <Filter>Source Files</Filter>
    </ClCompile>
    <ClCompile Include="C:\Users\Dmitry\source\repos\QuantLib\test-suite\volatilitymodels.cpp">
      <Filter>Source Files</Filter>
    </ClCompile>
    <ClCompile Include="C:\Users\Dmitry\source\repos\QuantLib\test-suite\vpp.cpp">
      <Filter>Source Files</Filter>
    </ClCompile>
    <ClCompile Include="C:\Users\Dmitry\source\repos\QuantLib\test-suite\zabr.cpp">
      <Filter>Source Files</Filter>
    </ClCompile>
  </ItemGroup>
  <ItemGroup>
    <CustomBuild Include="C:\Users\Dmitry\source\repos\QuantLib\test-suite\CMakeLists.txt" />
  </ItemGroup>
  <ItemGroup>
    <Filter Include="Source Files">
      <UniqueIdentifier>{27C268B1-FE33-334F-BB43-D22D1D83C00D}</UniqueIdentifier>
    </Filter>
  </ItemGroup>
</Project>
